
Microsoft Visual Studio Solution File, Format Version 12.00
# Visual Studio Version 17
VisualStudioVersion = 17.7.34031.279
MinimumVisualStudioVersion = 10.0.40219.1
Project("{FAE04EC0-301F-11D3-BF4B-00C04F79EFBC}") = "Phase1Section4.25.5", "Phase1Section4.25.5\Phase1Section4.25.5.csproj", "{DDE96679-8630-4426-9599-F8620B29E014}"
EndProject
Global
	GlobalSection(SolutionConfigurationPlatforms) = preSolution
		Debug|Any CPU = Debug|Any CPU
		Release|Any CPU = Release|Any CPU
	EndGlobalSection
	GlobalSection(ProjectConfigurationPlatforms) = postSolution
		{DDE96679-8630-4426-9599-F8620B29E014}.Debug|Any CPU.ActiveCfg = Debug|Any CPU
		{DDE96679-8630-4426-9599-F8620B29E014}.Debug|Any CPU.Build.0 = Debug|Any CPU
		{DDE96679-8630-4426-9599-F8620B29E014}.Release|Any CPU.ActiveCfg = Release|Any CPU
		{DDE96679-8630-4426-9599-F8620B29E014}.Release|Any CPU.Build.0 = Release|Any CPU
	EndGlobalSection
	GlobalSection(SolutionProperties) = preSolution
		HideSolutionNode = FALSE
	EndGlobalSection
	GlobalSection(ExtensibilityGlobals) = postSolution
		SolutionGuid = {E606BB37-2B34-4AAC-ABB6-696C43D01562}
	EndGlobalSection
EndGlobal
